
Microsoft Visual Studio Solution File, Format Version 12.00
# Visual Studio Version 16
VisualStudioVersion = 16.0.34601.136
MinimumVisualStudioVersion = 10.0.40219.1
Project("{FAE04EC0-301F-11D3-BF4B-00C04F79EFBC}") = "Visual code 8", "Visual code 8\Visual code 8.csproj", "{E5748A41-BE1A-4F2A-A7F6-5D03E81A8C63}"
EndProject
Global
	GlobalSection(SolutionConfigurationPlatforms) = preSolution
		Debug|Any CPU = Debug|Any CPU
		Release|Any CPU = Release|Any CPU
	EndGlobalSection
	GlobalSection(ProjectConfigurationPlatforms) = postSolution
		{E5748A41-BE1A-4F2A-A7F6-5D03E81A8C63}.Debug|Any CPU.ActiveCfg = Debug|Any CPU
		{E5748A41-BE1A-4F2A-A7F6-5D03E81A8C63}.Debug|Any CPU.Build.0 = Debug|Any CPU
		{E5748A41-BE1A-4F2A-A7F6-5D03E81A8C63}.Release|Any CPU.ActiveCfg = Release|Any CPU
		{E5748A41-BE1A-4F2A-A7F6-5D03E81A8C63}.Release|Any CPU.Build.0 = Release|Any CPU
	EndGlobalSection
	GlobalSection(SolutionProperties) = preSolution
		HideSolutionNode = FALSE
	EndGlobalSection
	GlobalSection(ExtensibilityGlobals) = postSolution
		SolutionGuid = {F74B6EE4-4A8D-4525-AF8A-6B3E6DA212B7}
	EndGlobalSection
EndGlobal
